
Microsoft Visual Studio Solution File, Format Version 12.00
# Visual Studio Version 17
VisualStudioVersion = 17.5.002.0
MinimumVisualStudioVersion = 10.0.40219.1
Project("{9A19103F-16F7-4668-BE54-9A1E7A4F7556}") = "FrontEndServer.Server", "Server\FrontEndServer.Server.csproj", "{D9FF5387-FE46-4E1A-BD5C-7F7EA342F4E3}"
EndProject
Project("{9A19103F-16F7-4668-BE54-9A1E7A4F7556}") = "FrontEndServer.Shared", "Shared\FrontEndServer.Shared.csproj", "{45F1443C-DC7B-44E2-91C7-46AD82DB9A3B}"
EndProject
Project("{9A19103F-16F7-4668-BE54-9A1E7A4F7556}") = "FrontEndServer.Client", "Client\FrontEndServer.Client.csproj", "{9EB95847-68EA-4DAF-AC4E-1250E30E7398}"
EndProject
Global
	GlobalSection(SolutionConfigurationPlatforms) = preSolution
		Debug|Any CPU = Debug|Any CPU
		Release|Any CPU = Release|Any CPU
	EndGlobalSection
	GlobalSection(ProjectConfigurationPlatforms) = postSolution
		{D9FF5387-FE46-4E1A-BD5C-7F7EA342F4E3}.Debug|Any CPU.ActiveCfg = Debug|Any CPU
		{D9FF5387-FE46-4E1A-BD5C-7F7EA342F4E3}.Debug|Any CPU.Build.0 = Debug|Any CPU
		{D9FF5387-FE46-4E1A-BD5C-7F7EA342F4E3}.Release|Any CPU.ActiveCfg = Release|Any CPU
		{D9FF5387-FE46-4E1A-BD5C-7F7EA342F4E3}.Release|Any CPU.Build.0 = Release|Any CPU
		{45F1443C-DC7B-44E2-91C7-46AD82DB9A3B}.Debug|Any CPU.ActiveCfg = Debug|Any CPU
		{45F1443C-DC7B-44E2-91C7-46AD82DB9A3B}.Debug|Any CPU.Build.0 = Debug|Any CPU
		{45F1443C-DC7B-44E2-91C7-46AD82DB9A3B}.Release|Any CPU.ActiveCfg = Release|Any CPU
		{45F1443C-DC7B-44E2-91C7-46AD82DB9A3B}.Release|Any CPU.Build.0 = Release|Any CPU
		{9EB95847-68EA-4DAF-AC4E-1250E30E7398}.Debug|Any CPU.ActiveCfg = Debug|Any CPU
		{9EB95847-68EA-4DAF-AC4E-1250E30E7398}.Debug|Any CPU.Build.0 = Debug|Any CPU
		{9EB95847-68EA-4DAF-AC4E-1250E30E7398}.Release|Any CPU.ActiveCfg = Release|Any CPU
		{9EB95847-68EA-4DAF-AC4E-1250E30E7398}.Release|Any CPU.Build.0 = Release|Any CPU
	EndGlobalSection
	GlobalSection(SolutionProperties) = preSolution
		HideSolutionNode = FALSE
	EndGlobalSection
	GlobalSection(ExtensibilityGlobals) = postSolution
		SolutionGuid = {45179D47-A961-48CA-AE95-C74526682228}
	EndGlobalSection
EndGlobal
